// !$*UTF8*$!
{
	archiveVersion = 1;
	classes = {
	};
	objectVersion = 48;
	objects = {

/* Begin PBXBuildFile section */
		5008A36C2034410300E73BF4 /* AppDelegate.swift in Sources */ = {isa = PBXBuildFile; fileRef = 5008A36B2034410300E73BF4 /* AppDelegate.swift */; };
		5008A3712034410300E73BF4 /* Main.storyboard in Resources */ = {isa = PBXBuildFile; fileRef = 5008A36F2034410300E73BF4 /* Main.storyboard */; };
		5008A3742034410300E73BF4 /* DinebyMe_.xcdatamodeld in Sources */ = {isa = PBXBuildFile; fileRef = 5008A3722034410300E73BF4 /* DinebyMe_.xcdatamodeld */; };
		5008A3762034410300E73BF4 /* Assets.xcassets in Resources */ = {isa = PBXBuildFile; fileRef = 5008A3752034410300E73BF4 /* Assets.xcassets */; };
		5008A3792034410300E73BF4 /* LaunchScreen.storyboard in Resources */ = {isa = PBXBuildFile; fileRef = 5008A3772034410300E73BF4 /* LaunchScreen.storyboard */; };
		5008A3842034410300E73BF4 /* DinebyMe_Tests.swift in Sources */ = {isa = PBXBuildFile; fileRef = 5008A3832034410300E73BF4 /* DinebyMe_Tests.swift */; };
		5008A38F2034410300E73BF4 /* DinebyMe_UITests.swift in Sources */ = {isa = PBXBuildFile; fileRef = 5008A38E2034410300E73BF4 /* DinebyMe_UITests.swift */; };
		5008A39D2034433100E73BF4 /* GoogleService-Info.plist in Resources */ = {isa = PBXBuildFile; fileRef = 5008A39C2034433100E73BF4 /* GoogleService-Info.plist */; };
		5008A3A02034450E00E73BF4 /* BeginViewController.swift in Sources */ = {isa = PBXBuildFile; fileRef = 5008A39F2034450E00E73BF4 /* BeginViewController.swift */; };
		5008A3A2203455D300E73BF4 /* LoginViewController.swift in Sources */ = {isa = PBXBuildFile; fileRef = 5008A3A1203455D300E73BF4 /* LoginViewController.swift */; };
		5008A3A4203455E800E73BF4 /* SignupViewController.swift in Sources */ = {isa = PBXBuildFile; fileRef = 5008A3A3203455E800E73BF4 /* SignupViewController.swift */; };
		506EC26C20462B0000B02143 /* NewEvent.swift in Sources */ = {isa = PBXBuildFile; fileRef = 506EC26B20462B0000B02143 /* NewEvent.swift */; };
		509AACB220443E1600890B24 /* AddLocationViewController.swift in Sources */ = {isa = PBXBuildFile; fileRef = 509AACB120443E1600890B24 /* AddLocationViewController.swift */; };
		50C73C9E203DA86E00A5A9D5 /* HomeSearchViewController.swift in Sources */ = {isa = PBXBuildFile; fileRef = 50C73C9D203DA86E00A5A9D5 /* HomeSearchViewController.swift */; };
		50C73CA0203DA8A500A5A9D5 /* SearchDetailTableViewController.swift in Sources */ = {isa = PBXBuildFile; fileRef = 50C73C9F203DA8A500A5A9D5 /* SearchDetailTableViewController.swift */; };
		50C73CA2203DA8E900A5A9D5 /* NewFoodEventViewController.swift in Sources */ = {isa = PBXBuildFile; fileRef = 50C73CA1203DA8E900A5A9D5 /* NewFoodEventViewController.swift */; };
		50C73CA4203DA92100A5A9D5 /* RecipeDetailViewController.swift in Sources */ = {isa = PBXBuildFile; fileRef = 50C73CA3203DA92100A5A9D5 /* RecipeDetailViewController.swift */; };
		50C73CA6203DA93800A5A9D5 /* BookConfirmationViewController.swift in Sources */ = {isa = PBXBuildFile; fileRef = 50C73CA5203DA93800A5A9D5 /* BookConfirmationViewController.swift */; };
		50C73CA8203DA96C00A5A9D5 /* RequestsTableViewController.swift in Sources */ = {isa = PBXBuildFile; fileRef = 50C73CA7203DA96C00A5A9D5 /* RequestsTableViewController.swift */; };
		50C73CAA203DA97D00A5A9D5 /* BookingsTableViewController.swift in Sources */ = {isa = PBXBuildFile; fileRef = 50C73CA9203DA97D00A5A9D5 /* BookingsTableViewController.swift */; };
		50C73CAD203DB0E900A5A9D5 /* SearchDetailTableViewCell.swift in Sources */ = {isa = PBXBuildFile; fileRef = 50C73CAC203DB0E900A5A9D5 /* SearchDetailTableViewCell.swift */; };
		50C73CB0203F0C2200A5A9D5 /* Users.swift in Sources */ = {isa = PBXBuildFile; fileRef = 50C73CAF203F0C2200A5A9D5 /* Users.swift */; };
		50C9D42F20489F9300B8C5E0 /* Global.swift in Sources */ = {isa = PBXBuildFile; fileRef = 50C9D42E20489F9300B8C5E0 /* Global.swift */; };
		B9106C85B8FFAAA79FAF23ED /* Pods_DinebyMe_.framework in Frameworks */ = {isa = PBXBuildFile; fileRef = 544087BE5ABB8FF9B19E13B3 /* Pods_DinebyMe_.framework */; };
/* End PBXBuildFile section */

/* Begin PBXContainerItemProxy section */
		5008A3802034410300E73BF4 /* PBXContainerItemProxy */ = {
			isa = PBXContainerItemProxy;
			containerPortal = 5008A3602034410200E73BF4 /* Project object */;
			proxyType = 1;
			remoteGlobalIDString = 5008A3672034410200E73BF4;
			remoteInfo = "DinebyMe!";
		};
		5008A38B2034410300E73BF4 /* PBXContainerItemProxy */ = {
			isa = PBXContainerItemProxy;
			containerPortal = 5008A3602034410200E73BF4 /* Project object */;
			proxyType = 1;
			remoteGlobalIDString = 5008A3672034410200E73BF4;
			remoteInfo = "DinebyMe!";
		};
/* End PBXContainerItemProxy section */

/* Begin PBXFileReference section */
		110F8BDB9273E910484F0043 /* Pods-DinebyMe!.debug.xcconfig */ = {isa = PBXFileReference; includeInIndex = 1; lastKnownFileType = text.xcconfig; name = "Pods-DinebyMe!.debug.xcconfig"; path = "Pods/Target Support Files/Pods-DinebyMe!/Pods-DinebyMe!.debug.xcconfig"; sourceTree = "<group>"; };
		5008A3682034410300E73BF4 /* DinebyMe!.app */ = {isa = PBXFileReference; explicitFileType = wrapper.application; includeInIndex = 0; path = "DinebyMe!.app"; sourceTree = BUILT_PRODUCTS_DIR; };
		5008A36B2034410300E73BF4 /* AppDelegate.swift */ = {isa = PBXFileReference; lastKnownFileType = sourcecode.swift; path = AppDelegate.swift; sourceTree = "<group>"; };
		5008A3702034410300E73BF4 /* Base */ = {isa = PBXFileReference; lastKnownFileType = file.storyboard; name = Base; path = Base.lproj/Main.storyboard; sourceTree = "<group>"; };
		5008A3732034410300E73BF4 /* DinebyMe_.xcdatamodel */ = {isa = PBXFileReference; lastKnownFileType = wrapper.xcdatamodel; path = DinebyMe_.xcdatamodel; sourceTree = "<group>"; };
		5008A3752034410300E73BF4 /* Assets.xcassets */ = {isa = PBXFileReference; lastKnownFileType = folder.assetcatalog; path = Assets.xcassets; sourceTree = "<group>"; };
		5008A3782034410300E73BF4 /* Base */ = {isa = PBXFileReference; lastKnownFileType = file.storyboard; name = Base; path = Base.lproj/LaunchScreen.storyboard; sourceTree = "<group>"; };
		5008A37A2034410300E73BF4 /* Info.plist */ = {isa = PBXFileReference; lastKnownFileType = text.plist.xml; path = Info.plist; sourceTree = "<group>"; };
		5008A37F2034410300E73BF4 /* DinebyMe!Tests.xctest */ = {isa = PBXFileReference; explicitFileType = wrapper.cfbundle; includeInIndex = 0; path = "DinebyMe!Tests.xctest"; sourceTree = BUILT_PRODUCTS_DIR; };
		5008A3832034410300E73BF4 /* DinebyMe_Tests.swift */ = {isa = PBXFileReference; lastKnownFileType = sourcecode.swift; path = DinebyMe_Tests.swift; sourceTree = "<group>"; };
		5008A3852034410300E73BF4 /* Info.plist */ = {isa = PBXFileReference; lastKnownFileType = text.plist.xml; path = Info.plist; sourceTree = "<group>"; };
		5008A38A2034410300E73BF4 /* DinebyMe!UITests.xctest */ = {isa = PBXFileReference; explicitFileType = wrapper.cfbundle; includeInIndex = 0; path = "DinebyMe!UITests.xctest"; sourceTree = BUILT_PRODUCTS_DIR; };
		5008A38E2034410300E73BF4 /* DinebyMe_UITests.swift */ = {isa = PBXFileReference; lastKnownFileType = sourcecode.swift; path = DinebyMe_UITests.swift; sourceTree = "<group>"; };
		5008A3902034410300E73BF4 /* Info.plist */ = {isa = PBXFileReference; lastKnownFileType = text.plist.xml; path = Info.plist; sourceTree = "<group>"; };
		5008A39C2034433100E73BF4 /* GoogleService-Info.plist */ = {isa = PBXFileReference; fileEncoding = 4; lastKnownFileType = text.plist.xml; path = "GoogleService-Info.plist"; sourceTree = "<group>"; };
		5008A39F2034450E00E73BF4 /* BeginViewController.swift */ = {isa = PBXFileReference; lastKnownFileType = sourcecode.swift; path = BeginViewController.swift; sourceTree = "<group>"; };
		5008A3A1203455D300E73BF4 /* LoginViewController.swift */ = {isa = PBXFileReference; lastKnownFileType = sourcecode.swift; path = LoginViewController.swift; sourceTree = "<group>"; };
		5008A3A3203455E800E73BF4 /* SignupViewController.swift */ = {isa = PBXFileReference; lastKnownFileType = sourcecode.swift; path = SignupViewController.swift; sourceTree = "<group>"; };
		506EC26B20462B0000B02143 /* NewEvent.swift */ = {isa = PBXFileReference; lastKnownFileType = sourcecode.swift; path = NewEvent.swift; sourceTree = "<group>"; };
		509AACB120443E1600890B24 /* AddLocationViewController.swift */ = {isa = PBXFileReference; lastKnownFileType = sourcecode.swift; path = AddLocationViewController.swift; sourceTree = "<group>"; };
		50C73C9D203DA86E00A5A9D5 /* HomeSearchViewController.swift */ = {isa = PBXFileReference; lastKnownFileType = sourcecode.swift; path = HomeSearchViewController.swift; sourceTree = "<group>"; };
		50C73C9F203DA8A500A5A9D5 /* SearchDetailTableViewController.swift */ = {isa = PBXFileReference; lastKnownFileType = sourcecode.swift; path = SearchDetailTableViewController.swift; sourceTree = "<group>"; };
		50C73CA1203DA8E900A5A9D5 /* NewFoodEventViewController.swift */ = {isa = PBXFileReference; lastKnownFileType = sourcecode.swift; path = NewFoodEventViewController.swift; sourceTree = "<group>"; };
		50C73CA3203DA92100A5A9D5 /* RecipeDetailViewController.swift */ = {isa = PBXFileReference; lastKnownFileType = sourcecode.swift; path = RecipeDetailViewController.swift; sourceTree = "<group>"; };
		50C73CA5203DA93800A5A9D5 /* BookConfirmationViewController.swift */ = {isa = PBXFileReference; lastKnownFileType = sourcecode.swift; path = BookConfirmationViewController.swift; sourceTree = "<group>"; };
		50C73CA7203DA96C00A5A9D5 /* RequestsTableViewController.swift */ = {isa = PBXFileReference; lastKnownFileType = sourcecode.swift; path = RequestsTableViewController.swift; sourceTree = "<group>"; };
		50C73CA9203DA97D00A5A9D5 /* BookingsTableViewController.swift */ = {isa = PBXFileReference; lastKnownFileType = sourcecode.swift; path = BookingsTableViewController.swift; sourceTree = "<group>"; };
		50C73CAC203DB0E900A5A9D5 /* SearchDetailTableViewCell.swift */ = {isa = PBXFileReference; lastKnownFileType = sourcecode.swift; path = SearchDetailTableViewCell.swift; sourceTree = "<group>"; };
		50C73CAF203F0C2200A5A9D5 /* Users.swift */ = {isa = PBXFileReference; lastKnownFileType = sourcecode.swift; path = Users.swift; sourceTree = "<group>"; };
		50C9D42E20489F9300B8C5E0 /* Global.swift */ = {isa = PBXFileReference; lastKnownFileType = sourcecode.swift; path = Global.swift; sourceTree = "<group>"; };
		544087BE5ABB8FF9B19E13B3 /* Pods_DinebyMe_.framework */ = {isa = PBXFileReference; explicitFileType = wrapper.framework; includeInIndex = 0; path = Pods_DinebyMe_.framework; sourceTree = BUILT_PRODUCTS_DIR; };
		782D3D37A0A40F42A744968D /* Pods-DinebyMe!.release.xcconfig */ = {isa = PBXFileReference; includeInIndex = 1; lastKnownFileType = text.xcconfig; name = "Pods-DinebyMe!.release.xcconfig"; path = "Pods/Target Support Files/Pods-DinebyMe!/Pods-DinebyMe!.release.xcconfig"; sourceTree = "<group>"; };
/* End PBXFileReference section */

/* Begin PBXFrameworksBuildPhase section */
		5008A3652034410200E73BF4 /* Frameworks */ = {
			isa = PBXFrameworksBuildPhase;
			buildActionMask = 2147483647;
			files = (
				B9106C85B8FFAAA79FAF23ED /* Pods_DinebyMe_.framework in Frameworks */,
			);
			runOnlyForDeploymentPostprocessing = 0;
		};
		5008A37C2034410300E73BF4 /* Frameworks */ = {
			isa = PBXFrameworksBuildPhase;
			buildActionMask = 2147483647;
			files = (
			);
			runOnlyForDeploymentPostprocessing = 0;
		};
		5008A3872034410300E73BF4 /* Frameworks */ = {
			isa = PBXFrameworksBuildPhase;
			buildActionMask = 2147483647;
			files = (
			);
			runOnlyForDeploymentPostprocessing = 0;
		};
/* End PBXFrameworksBuildPhase section */

/* Begin PBXGroup section */
		5008A35F2034410200E73BF4 = {
			isa = PBXGroup;
			children = (
				5008A36A2034410300E73BF4 /* DinebyMe! */,
				5008A3822034410300E73BF4 /* DinebyMe!Tests */,
				5008A38D2034410300E73BF4 /* DinebyMe!UITests */,
				5008A3692034410300E73BF4 /* Products */,
				D9A3B3902B7193EC5BF25E10 /* Pods */,
				7D43C4229C463AC53EE1C979 /* Frameworks */,
			);
			sourceTree = "<group>";
		};
		5008A3692034410300E73BF4 /* Products */ = {
			isa = PBXGroup;
			children = (
				5008A3682034410300E73BF4 /* DinebyMe!.app */,
				5008A37F2034410300E73BF4 /* DinebyMe!Tests.xctest */,
				5008A38A2034410300E73BF4 /* DinebyMe!UITests.xctest */,
			);
			name = Products;
			sourceTree = "<group>";
		};
		5008A36A2034410300E73BF4 /* DinebyMe! */ = {
			isa = PBXGroup;
			children = (
				50C73CAE203F0BFA00A5A9D5 /* Models */,
				50C73CAB203DB0C300A5A9D5 /* ViewCell */,
				5008A39E203444C400E73BF4 /* Controllers */,
				5008A36B2034410300E73BF4 /* AppDelegate.swift */,
				5008A36F2034410300E73BF4 /* Main.storyboard */,
				5008A3752034410300E73BF4 /* Assets.xcassets */,
				5008A3772034410300E73BF4 /* LaunchScreen.storyboard */,
				5008A37A2034410300E73BF4 /* Info.plist */,
				5008A3722034410300E73BF4 /* DinebyMe_.xcdatamodeld */,
				5008A39C2034433100E73BF4 /* GoogleService-Info.plist */,
			);
			path = "DinebyMe!";
			sourceTree = "<group>";
		};
		5008A3822034410300E73BF4 /* DinebyMe!Tests */ = {
			isa = PBXGroup;
			children = (
				5008A3832034410300E73BF4 /* DinebyMe_Tests.swift */,
				5008A3852034410300E73BF4 /* Info.plist */,
			);
			path = "DinebyMe!Tests";
			sourceTree = "<group>";
		};
		5008A38D2034410300E73BF4 /* DinebyMe!UITests */ = {
			isa = PBXGroup;
			children = (
				5008A38E2034410300E73BF4 /* DinebyMe_UITests.swift */,
				5008A3902034410300E73BF4 /* Info.plist */,
			);
			path = "DinebyMe!UITests";
			sourceTree = "<group>";
		};
		5008A39E203444C400E73BF4 /* Controllers */ = {
			isa = PBXGroup;
			children = (
				5008A39F2034450E00E73BF4 /* BeginViewController.swift */,
				5008A3A1203455D300E73BF4 /* LoginViewController.swift */,
				5008A3A3203455E800E73BF4 /* SignupViewController.swift */,
				50C73C9D203DA86E00A5A9D5 /* HomeSearchViewController.swift */,
				50C73C9F203DA8A500A5A9D5 /* SearchDetailTableViewController.swift */,
				50C73CA1203DA8E900A5A9D5 /* NewFoodEventViewController.swift */,
				509AACB120443E1600890B24 /* AddLocationViewController.swift */,
				50C73CA3203DA92100A5A9D5 /* RecipeDetailViewController.swift */,
				50C73CA5203DA93800A5A9D5 /* BookConfirmationViewController.swift */,
				50C73CA9203DA97D00A5A9D5 /* BookingsTableViewController.swift */,
				50C73CA7203DA96C00A5A9D5 /* RequestsTableViewController.swift */,
			);
			path = Controllers;
			sourceTree = "<group>";
		};
		50C73CAB203DB0C300A5A9D5 /* ViewCell */ = {
			isa = PBXGroup;
			children = (
				50C73CAC203DB0E900A5A9D5 /* SearchDetailTableViewCell.swift */,
			);
			path = ViewCell;
			sourceTree = "<group>";
		};
		50C73CAE203F0BFA00A5A9D5 /* Models */ = {
			isa = PBXGroup;
			children = (
				50C73CAF203F0C2200A5A9D5 /* Users.swift */,
				50C9D42E20489F9300B8C5E0 /* Global.swift */,
				506EC26B20462B0000B02143 /* NewEvent.swift */,
			);
			path = Models;
			sourceTree = "<group>";
		};
		7D43C4229C463AC53EE1C979 /* Frameworks */ = {
			isa = PBXGroup;
			children = (
				544087BE5ABB8FF9B19E13B3 /* Pods_DinebyMe_.framework */,
			);
			name = Frameworks;
			sourceTree = "<group>";
		};
		D9A3B3902B7193EC5BF25E10 /* Pods */ = {
			isa = PBXGroup;
			children = (
				110F8BDB9273E910484F0043 /* Pods-DinebyMe!.debug.xcconfig */,
				782D3D37A0A40F42A744968D /* Pods-DinebyMe!.release.xcconfig */,
			);
			name = Pods;
			sourceTree = "<group>";
		};
/* End PBXGroup section */

/* Begin PBXNativeTarget section */
		5008A3672034410200E73BF4 /* DinebyMe! */ = {
			isa = PBXNativeTarget;
			buildConfigurationList = 5008A3932034410300E73BF4 /* Build configuration list for PBXNativeTarget "DinebyMe!" */;
			buildPhases = (
				79F2AE27DF3105A5909B734A /* [CP] Check Pods Manifest.lock */,
				5008A3642034410200E73BF4 /* Sources */,
				5008A3652034410200E73BF4 /* Frameworks */,
				5008A3662034410200E73BF4 /* Resources */,
				96F6932A7E292DBE8A3C3B27 /* [CP] Embed Pods Frameworks */,
				13E02F82D114DF22AD5B6341 /* [CP] Copy Pods Resources */,
			);
			buildRules = (
			);
			dependencies = (
			);
			name = "DinebyMe!";
			productName = "DinebyMe!";
			productReference = 5008A3682034410300E73BF4 /* DinebyMe!.app */;
			productType = "com.apple.product-type.application";
		};
		5008A37E2034410300E73BF4 /* DinebyMe!Tests */ = {
			isa = PBXNativeTarget;
			buildConfigurationList = 5008A3962034410300E73BF4 /* Build configuration list for PBXNativeTarget "DinebyMe!Tests" */;
			buildPhases = (
				5008A37B2034410300E73BF4 /* Sources */,
				5008A37C2034410300E73BF4 /* Frameworks */,
				5008A37D2034410300E73BF4 /* Resources */,
			);
			buildRules = (
			);
			dependencies = (
				5008A3812034410300E73BF4 /* PBXTargetDependency */,
			);
			name = "DinebyMe!Tests";
			productName = "DinebyMe!Tests";
			productReference = 5008A37F2034410300E73BF4 /* DinebyMe!Tests.xctest */;
			productType = "com.apple.product-type.bundle.unit-test";
		};
		5008A3892034410300E73BF4 /* DinebyMe!UITests */ = {
			isa = PBXNativeTarget;
			buildConfigurationList = 5008A3992034410300E73BF4 /* Build configuration list for PBXNativeTarget "DinebyMe!UITests" */;
			buildPhases = (
				5008A3862034410300E73BF4 /* Sources */,
				5008A3872034410300E73BF4 /* Frameworks */,
				5008A3882034410300E73BF4 /* Resources */,
			);
			buildRules = (
			);
			dependencies = (
				5008A38C2034410300E73BF4 /* PBXTargetDependency */,
			);
			name = "DinebyMe!UITests";
			productName = "DinebyMe!UITests";
			productReference = 5008A38A2034410300E73BF4 /* DinebyMe!UITests.xctest */;
			productType = "com.apple.product-type.bundle.ui-testing";
		};
/* End PBXNativeTarget section */

/* Begin PBXProject section */
		5008A3602034410200E73BF4 /* Project object */ = {
			isa = PBXProject;
			attributes = {
				LastSwiftUpdateCheck = 0920;
				LastUpgradeCheck = 0920;
				ORGANIZATIONNAME = "Chantal Stangenberger";
				TargetAttributes = {
					5008A3672034410200E73BF4 = {
						CreatedOnToolsVersion = 9.2;
						ProvisioningStyle = Automatic;
					};
					5008A37E2034410300E73BF4 = {
						CreatedOnToolsVersion = 9.2;
						ProvisioningStyle = Automatic;
						TestTargetID = 5008A3672034410200E73BF4;
					};
					5008A3892034410300E73BF4 = {
						CreatedOnToolsVersion = 9.2;
						ProvisioningStyle = Automatic;
						TestTargetID = 5008A3672034410200E73BF4;
					};
				};
			};
			buildConfigurationList = 5008A3632034410200E73BF4 /* Build configuration list for PBXProject "DinebyMe!" */;
			compatibilityVersion = "Xcode 8.0";
			developmentRegion = en;
			hasScannedForEncodings = 0;
			knownRegions = (
				en,
				Base,
			);
			mainGroup = 5008A35F2034410200E73BF4;
			productRefGroup = 5008A3692034410300E73BF4 /* Products */;
			projectDirPath = "";
			projectRoot = "";
			targets = (
				5008A3672034410200E73BF4 /* DinebyMe! */,
				5008A37E2034410300E73BF4 /* DinebyMe!Tests */,
				5008A3892034410300E73BF4 /* DinebyMe!UITests */,
			);
		};
/* End PBXProject section */

/* Begin PBXResourcesBuildPhase section */
		5008A3662034410200E73BF4 /* Resources */ = {
			isa = PBXResourcesBuildPhase;
			buildActionMask = 2147483647;
			files = (
				5008A3792034410300E73BF4 /* LaunchScreen.storyboard in Resources */,
				5008A3762034410300E73BF4 /* Assets.xcassets in Resources */,
				5008A3712034410300E73BF4 /* Main.storyboard in Resources */,
				5008A39D2034433100E73BF4 /* GoogleService-Info.plist in Resources */,
			);
			runOnlyForDeploymentPostprocessing = 0;
		};
		5008A37D2034410300E73BF4 /* Resources */ = {
			isa = PBXResourcesBuildPhase;
			buildActionMask = 2147483647;
			files = (
			);
			runOnlyForDeploymentPostprocessing = 0;
		};
		5008A3882034410300E73BF4 /* Resources */ = {
			isa = PBXResourcesBuildPhase;
			buildActionMask = 2147483647;
			files = (
			);
			runOnlyForDeploymentPostprocessing = 0;
		};
/* End PBXResourcesBuildPhase section */

/* Begin PBXShellScriptBuildPhase section */
		13E02F82D114DF22AD5B6341 /* [CP] Copy Pods Resources */ = {
			isa = PBXShellScriptBuildPhase;
			buildActionMask = 2147483647;
			files = (
			);
			inputPaths = (
				"${SRCROOT}/Pods/Target Support Files/Pods-DinebyMe!/Pods-DinebyMe!-resources.sh",
				"${PODS_ROOT}/GoogleMaps/Maps/Frameworks/GoogleMaps.framework/Resources/GoogleMaps.bundle",
				"${PODS_ROOT}/GooglePlaces/Frameworks/GooglePlaces.framework/Resources/GooglePlaces.bundle",
			);
			name = "[CP] Copy Pods Resources";
			outputPaths = (
				"${TARGET_BUILD_DIR}/${UNLOCALIZED_RESOURCES_FOLDER_PATH}/GoogleMaps.bundle",
				"${TARGET_BUILD_DIR}/${UNLOCALIZED_RESOURCES_FOLDER_PATH}/GooglePlaces.bundle",
			);
			runOnlyForDeploymentPostprocessing = 0;
			shellPath = /bin/sh;
			shellScript = "\"${SRCROOT}/Pods/Target Support Files/Pods-DinebyMe!/Pods-DinebyMe!-resources.sh\"\n";
			showEnvVarsInLog = 0;
		};
		79F2AE27DF3105A5909B734A /* [CP] Check Pods Manifest.lock */ = {
			isa = PBXShellScriptBuildPhase;
			buildActionMask = 2147483647;
			files = (
			);
			inputPaths = (
				"${PODS_PODFILE_DIR_PATH}/Podfile.lock",
				"${PODS_ROOT}/Manifest.lock",
			);
			name = "[CP] Check Pods Manifest.lock";
			outputPaths = (
				"$(DERIVED_FILE_DIR)/Pods-DinebyMe!-checkManifestLockResult.txt",
			);
			runOnlyForDeploymentPostprocessing = 0;
			shellPath = /bin/sh;
			shellScript = "diff \"${PODS_PODFILE_DIR_PATH}/Podfile.lock\" \"${PODS_ROOT}/Manifest.lock\" > /dev/null\nif [ $? != 0 ] ; then\n    # print error to STDERR\n    echo \"error: The sandbox is not in sync with the Podfile.lock. Run 'pod install' or update your CocoaPods installation.\" >&2\n    exit 1\nfi\n# This output is used by Xcode 'outputs' to avoid re-running this script phase.\necho \"SUCCESS\" > \"${SCRIPT_OUTPUT_FILE_0}\"\n";
			showEnvVarsInLog = 0;
		};
		96F6932A7E292DBE8A3C3B27 /* [CP] Embed Pods Frameworks */ = {
			isa = PBXShellScriptBuildPhase;
			buildActionMask = 2147483647;
			files = (
			);
			inputPaths = (
				"${SRCROOT}/Pods/Target Support Files/Pods-DinebyMe!/Pods-DinebyMe!-frameworks.sh",
				"${BUILT_PRODUCTS_DIR}/Bolts/Bolts.framework",
				"${BUILT_PRODUCTS_DIR}/FBSDKCoreKit/FBSDKCoreKit.framework",
				"${BUILT_PRODUCTS_DIR}/FBSDKLoginKit/FBSDKLoginKit.framework",
				"${BUILT_PRODUCTS_DIR}/FacebookCore/FacebookCore.framework",
				"${BUILT_PRODUCTS_DIR}/FacebookLogin/FacebookLogin.framework",
				"${BUILT_PRODUCTS_DIR}/GTMSessionFetcher/GTMSessionFetcher.framework",
				"${BUILT_PRODUCTS_DIR}/GoogleToolboxForMac/GoogleToolboxForMac.framework",
				"${BUILT_PRODUCTS_DIR}/leveldb-library/leveldb.framework",
				"${BUILT_PRODUCTS_DIR}/nanopb/nanopb.framework",
			);
			name = "[CP] Embed Pods Frameworks";
			outputPaths = (
				"${TARGET_BUILD_DIR}/${FRAMEWORKS_FOLDER_PATH}/Bolts.framework",
				"${TARGET_BUILD_DIR}/${FRAMEWORKS_FOLDER_PATH}/FBSDKCoreKit.framework",
				"${TARGET_BUILD_DIR}/${FRAMEWORKS_FOLDER_PATH}/FBSDKLoginKit.framework",
				"${TARGET_BUILD_DIR}/${FRAMEWORKS_FOLDER_PATH}/FacebookCore.framework",
				"${TARGET_BUILD_DIR}/${FRAMEWORKS_FOLDER_PATH}/FacebookLogin.framework",
				"${TARGET_BUILD_DIR}/${FRAMEWORKS_FOLDER_PATH}/GTMSessionFetcher.framework",
				"${TARGET_BUILD_DIR}/${FRAMEWORKS_FOLDER_PATH}/GoogleToolboxForMac.framework",
				"${TARGET_BUILD_DIR}/${FRAMEWORKS_FOLDER_PATH}/leveldb.framework",
				"${TARGET_BUILD_DIR}/${FRAMEWORKS_FOLDER_PATH}/nanopb.framework",
			);
			runOnlyForDeploymentPostprocessing = 0;
			shellPath = /bin/sh;
			shellScript = "\"${SRCROOT}/Pods/Target Support Files/Pods-DinebyMe!/Pods-DinebyMe!-frameworks.sh\"\n";
			showEnvVarsInLog = 0;
		};
/* End PBXShellScriptBuildPhase section */

/* Begin PBXSourcesBuildPhase section */
		5008A3642034410200E73BF4 /* Sources */ = {
			isa = PBXSourcesBuildPhase;
			buildActionMask = 2147483647;
			files = (
				50C73CAA203DA97D00A5A9D5 /* BookingsTableViewController.swift in Sources */,
				50C73CA0203DA8A500A5A9D5 /* SearchDetailTableViewController.swift in Sources */,
				50C73C9E203DA86E00A5A9D5 /* HomeSearchViewController.swift in Sources */,
				50C73CAD203DB0E900A5A9D5 /* SearchDetailTableViewCell.swift in Sources */,
				5008A3A2203455D300E73BF4 /* LoginViewController.swift in Sources */,
				506EC26C20462B0000B02143 /* NewEvent.swift in Sources */,
				50C73CA6203DA93800A5A9D5 /* BookConfirmationViewController.swift in Sources */,
				50C73CB0203F0C2200A5A9D5 /* Users.swift in Sources */,
				509AACB220443E1600890B24 /* AddLocationViewController.swift in Sources */,
				5008A3A02034450E00E73BF4 /* BeginViewController.swift in Sources */,
				5008A3A4203455E800E73BF4 /* SignupViewController.swift in Sources */,
				50C73CA2203DA8E900A5A9D5 /* NewFoodEventViewController.swift in Sources */,
				5008A3742034410300E73BF4 /* DinebyMe_.xcdatamodeld in Sources */,
				5008A36C2034410300E73BF4 /* AppDelegate.swift in Sources */,
				50C9D42F20489F9300B8C5E0 /* Global.swift in Sources */,
				50C73CA8203DA96C00A5A9D5 /* RequestsTableViewController.swift in Sources */,
				50C73CA4203DA92100A5A9D5 /* RecipeDetailViewController.swift in Sources */,
			);
			runOnlyForDeploymentPostprocessing = 0;
		};
		5008A37B2034410300E73BF4 /* Sources */ = {
			isa = PBXSourcesBuildPhase;
			buildActionMask = 2147483647;
			files = (
				5008A3842034410300E73BF4 /* DinebyMe_Tests.swift in Sources */,
			);
			runOnlyForDeploymentPostprocessing = 0;
		};
		5008A3862034410300E73BF4 /* Sources */ = {
			isa = PBXSourcesBuildPhase;
			buildActionMask = 2147483647;
			files = (
				5008A38F2034410300E73BF4 /* DinebyMe_UITests.swift in Sources */,
			);
			runOnlyForDeploymentPostprocessing = 0;
		};
/* End PBXSourcesBuildPhase section */

/* Begin PBXTargetDependency section */
		5008A3812034410300E73BF4 /* PBXTargetDependency */ = {
			isa = PBXTargetDependency;
			target = 5008A3672034410200E73BF4 /* DinebyMe! */;
			targetProxy = 5008A3802034410300E73BF4 /* PBXContainerItemProxy */;
		};
		5008A38C2034410300E73BF4 /* PBXTargetDependency */ = {
			isa = PBXTargetDependency;
			target = 5008A3672034410200E73BF4 /* DinebyMe! */;
			targetProxy = 5008A38B2034410300E73BF4 /* PBXContainerItemProxy */;
		};
/* End PBXTargetDependency section */

/* Begin PBXVariantGroup section */
		5008A36F2034410300E73BF4 /* Main.storyboard */ = {
			isa = PBXVariantGroup;
			children = (
				5008A3702034410300E73BF4 /* Base */,
			);
			name = Main.storyboard;
			sourceTree = "<group>";
		};
		5008A3772034410300E73BF4 /* LaunchScreen.storyboard */ = {
			isa = PBXVariantGroup;
			children = (
				5008A3782034410300E73BF4 /* Base */,
			);
			name = LaunchScreen.storyboard;
			sourceTree = "<group>";
		};
/* End PBXVariantGroup section */

/* Begin XCBuildConfiguration section */
		5008A3912034410300E73BF4 /* Debug */ = {
			isa = XCBuildConfiguration;
			buildSettings = {
				ALWAYS_SEARCH_USER_PATHS = NO;
				CLANG_ANALYZER_NONNULL = YES;
				CLANG_ANALYZER_NUMBER_OBJECT_CONVERSION = YES_AGGRESSIVE;
				CLANG_CXX_LANGUAGE_STANDARD = "gnu++14";
				CLANG_CXX_LIBRARY = "libc++";
				CLANG_ENABLE_MODULES = YES;
				CLANG_ENABLE_OBJC_ARC = YES;
				CLANG_WARN_BLOCK_CAPTURE_AUTORELEASING = YES;
				CLANG_WARN_BOOL_CONVERSION = YES;
				CLANG_WARN_COMMA = YES;
				CLANG_WARN_CONSTANT_CONVERSION = YES;
				CLANG_WARN_DIRECT_OBJC_ISA_USAGE = YES_ERROR;
				CLANG_WARN_DOCUMENTATION_COMMENTS = YES;
				CLANG_WARN_EMPTY_BODY = YES;
				CLANG_WARN_ENUM_CONVERSION = YES;
				CLANG_WARN_INFINITE_RECURSION = YES;
				CLANG_WARN_INT_CONVERSION = YES;
				CLANG_WARN_NON_LITERAL_NULL_CONVERSION = YES;
				CLANG_WARN_OBJC_LITERAL_CONVERSION = YES;
				CLANG_WARN_OBJC_ROOT_CLASS = YES_ERROR;
				CLANG_WARN_RANGE_LOOP_ANALYSIS = YES;
				CLANG_WARN_STRICT_PROTOTYPES = YES;
				CLANG_WARN_SUSPICIOUS_MOVE = YES;
				CLANG_WARN_UNGUARDED_AVAILABILITY = YES_AGGRESSIVE;
				CLANG_WARN_UNREACHABLE_CODE = YES;
				CLANG_WARN__DUPLICATE_METHOD_MATCH = YES;
				CODE_SIGN_IDENTITY = "iPhone Developer";
				COPY_PHASE_STRIP = NO;
				DEBUG_INFORMATION_FORMAT = dwarf;
				ENABLE_STRICT_OBJC_MSGSEND = YES;
				ENABLE_TESTABILITY = YES;
				GCC_C_LANGUAGE_STANDARD = gnu11;
				GCC_DYNAMIC_NO_PIC = NO;
				GCC_NO_COMMON_BLOCKS = YES;
				GCC_OPTIMIZATION_LEVEL = 0;
				GCC_PREPROCESSOR_DEFINITIONS = (
					"DEBUG=1",
					"$(inherited)",
				);
				GCC_WARN_64_TO_32_BIT_CONVERSION = YES;
				GCC_WARN_ABOUT_RETURN_TYPE = YES_ERROR;
				GCC_WARN_UNDECLARED_SELECTOR = YES;
				GCC_WARN_UNINITIALIZED_AUTOS = YES_AGGRESSIVE;
				GCC_WARN_UNUSED_FUNCTION = YES;
				GCC_WARN_UNUSED_VARIABLE = YES;
				IPHONEOS_DEPLOYMENT_TARGET = 11.2;
				MTL_ENABLE_DEBUG_INFO = YES;
				ONLY_ACTIVE_ARCH = YES;
				SDKROOT = iphoneos;
				SWIFT_ACTIVE_COMPILATION_CONDITIONS = DEBUG;
				SWIFT_OPTIMIZATION_LEVEL = "-Onone";
			};
			name = Debug;
		};
		5008A3922034410300E73BF4 /* Release */ = {
			isa = XCBuildConfiguration;
			buildSettings = {
				ALWAYS_SEARCH_USER_PATHS = NO;
				CLANG_ANALYZER_NONNULL = YES;
				CLANG_ANALYZER_NUMBER_OBJECT_CONVERSION = YES_AGGRESSIVE;
				CLANG_CXX_LANGUAGE_STANDARD = "gnu++14";
				CLANG_CXX_LIBRARY = "libc++";
				CLANG_ENABLE_MODULES = YES;
				CLANG_ENABLE_OBJC_ARC = YES;
				CLANG_WARN_BLOCK_CAPTURE_AUTORELEASING = YES;
				CLANG_WARN_BOOL_CONVERSION = YES;
				CLANG_WARN_COMMA = YES;
				CLANG_WARN_CONSTANT_CONVERSION = YES;
				CLANG_WARN_DIRECT_OBJC_ISA_USAGE = YES_ERROR;
				CLANG_WARN_DOCUMENTATION_COMMENTS = YES;
				CLANG_WARN_EMPTY_BODY = YES;
				CLANG_WARN_ENUM_CONVERSION = YES;
				CLANG_WARN_INFINITE_RECURSION = YES;
				CLANG_WARN_INT_CONVERSION = YES;
				CLANG_WARN_NON_LITERAL_NULL_CONVERSION = YES;
				CLANG_WARN_OBJC_LITERAL_CONVERSION = YES;
				CLANG_WARN_OBJC_ROOT_CLASS = YES_ERROR;
				CLANG_WARN_RANGE_LOOP_ANALYSIS = YES;
				CLANG_WARN_STRICT_PROTOTYPES = YES;
				CLANG_WARN_SUSPICIOUS_MOVE = YES;
				CLANG_WARN_UNGUARDED_AVAILABILITY = YES_AGGRESSIVE;
				CLANG_WARN_UNREACHABLE_CODE = YES;
				CLANG_WARN__DUPLICATE_METHOD_MATCH = YES;
				CODE_SIGN_IDENTITY = "iPhone Developer";
				COPY_PHASE_STRIP = NO;
				DEBUG_INFORMATION_FORMAT = "dwarf-with-dsym";
				ENABLE_NS_ASSERTIONS = NO;
				ENABLE_STRICT_OBJC_MSGSEND = YES;
				GCC_C_LANGUAGE_STANDARD = gnu11;
				GCC_NO_COMMON_BLOCKS = YES;
				GCC_WARN_64_TO_32_BIT_CONVERSION = YES;
				GCC_WARN_ABOUT_RETURN_TYPE = YES_ERROR;
				GCC_WARN_UNDECLARED_SELECTOR = YES;
				GCC_WARN_UNINITIALIZED_AUTOS = YES_AGGRESSIVE;
				GCC_WARN_UNUSED_FUNCTION = YES;
				GCC_WARN_UNUSED_VARIABLE = YES;
				IPHONEOS_DEPLOYMENT_TARGET = 11.2;
				MTL_ENABLE_DEBUG_INFO = NO;
				SDKROOT = iphoneos;
				SWIFT_OPTIMIZATION_LEVEL = "-Owholemodule";
				VALIDATE_PRODUCT = YES;
			};
			name = Release;
		};
		5008A3942034410300E73BF4 /* Debug */ = {
			isa = XCBuildConfiguration;
			baseConfigurationReference = 110F8BDB9273E910484F0043 /* Pods-DinebyMe!.debug.xcconfig */;
			buildSettings = {
				ASSETCATALOG_COMPILER_APPICON_NAME = AppIcon;
				CODE_SIGN_STYLE = Automatic;
				DEVELOPMENT_TEAM = UAM8AA3Z26;
				INFOPLIST_FILE = "DinebyMe!/Info.plist";
				LD_RUNPATH_SEARCH_PATHS = "$(inherited) @executable_path/Frameworks";
				PRODUCT_BUNDLE_IDENTIFIER = "UvA.DinebyMe-";
				PRODUCT_NAME = "$(TARGET_NAME)";
				SWIFT_VERSION = 4.0;
				TARGETED_DEVICE_FAMILY = "1,2";
			};
			name = Debug;
		};
		5008A3952034410300E73BF4 /* Release */ = {
			isa = XCBuildConfiguration;
			baseConfigurationReference = 782D3D37A0A40F42A744968D /* Pods-DinebyMe!.release.xcconfig */;
			buildSettings = {
				ASSETCATALOG_COMPILER_APPICON_NAME = AppIcon;
				CODE_SIGN_STYLE = Automatic;
				DEVELOPMENT_TEAM = UAM8AA3Z26;
				INFOPLIST_FILE = "DinebyMe!/Info.plist";
				LD_RUNPATH_SEARCH_PATHS = "$(inherited) @executable_path/Frameworks";
				PRODUCT_BUNDLE_IDENTIFIER = "UvA.DinebyMe-";
				PRODUCT_NAME = "$(TARGET_NAME)";
				SWIFT_VERSION = 4.0;
				TARGETED_DEVICE_FAMILY = "1,2";
			};
			name = Release;
		};
		5008A3972034410300E73BF4 /* Debug */ = {
			isa = XCBuildConfiguration;
			buildSettings = {
				ALWAYS_EMBED_SWIFT_STANDARD_LIBRARIES = YES;
				BUNDLE_LOADER = "$(TEST_HOST)";
				CODE_SIGN_STYLE = Automatic;
				DEVELOPMENT_TEAM = UAM8AA3Z26;
				INFOPLIST_FILE = "DinebyMe!Tests/Info.plist";
				LD_RUNPATH_SEARCH_PATHS = "$(inherited) @executable_path/Frameworks @loader_path/Frameworks";
				PRODUCT_BUNDLE_IDENTIFIER = "UvA.DinebyMe-Tests";
				PRODUCT_NAME = "$(TARGET_NAME)";
				SWIFT_VERSION = 4.0;
				TARGETED_DEVICE_FAMILY = "1,2";
				TEST_HOST = "$(BUILT_PRODUCTS_DIR)/DinebyMe!.app/DinebyMe!";
			};
			name = Debug;
		};
		5008A3982034410300E73BF4 /* Release */ = {
			isa = XCBuildConfiguration;
			buildSettings = {
				ALWAYS_EMBED_SWIFT_STANDARD_LIBRARIES = YES;
				BUNDLE_LOADER = "$(TEST_HOST)";
				CODE_SIGN_STYLE = Automatic;
				DEVELOPMENT_TEAM = UAM8AA3Z26;
				INFOPLIST_FILE = "DinebyMe!Tests/Info.plist";
				LD_RUNPATH_SEARCH_PATHS = "$(inherited) @executable_path/Frameworks @loader_path/Frameworks";
				PRODUCT_BUNDLE_IDENTIFIER = "UvA.DinebyMe-Tests";
				PRODUCT_NAME = "$(TARGET_NAME)";
				SWIFT_VERSION = 4.0;
				TARGETED_DEVICE_FAMILY = "1,2";
				TEST_HOST = "$(BUILT_PRODUCTS_DIR)/DinebyMe!.app/DinebyMe!";
			};
			name = Release;
		};
		5008A39A2034410300E73BF4 /* Debug */ = {
			isa = XCBuildConfiguration;
			buildSettings = {
				ALWAYS_EMBED_SWIFT_STANDARD_LIBRARIES = YES;
				CODE_SIGN_STYLE = Automatic;
				DEVELOPMENT_TEAM = UAM8AA3Z26;
				INFOPLIST_FILE = "DinebyMe!UITests/Info.plist";
				LD_RUNPATH_SEARCH_PATHS = "$(inherited) @executable_path/Frameworks @loader_path/Frameworks";
				PRODUCT_BUNDLE_IDENTIFIER = "UvA.DinebyMe-UITests";
				PRODUCT_NAME = "$(TARGET_NAME)";
				SWIFT_VERSION = 4.0;
				TARGETED_DEVICE_FAMILY = "1,2";
				TEST_TARGET_NAME = "DinebyMe!";
			};
			name = Debug;
		};
		5008A39B2034410300E73BF4 /* Release */ = {
			isa = XCBuildConfiguration;
			buildSettings = {
				ALWAYS_EMBED_SWIFT_STANDARD_LIBRARIES = YES;
				CODE_SIGN_STYLE = Automatic;
				DEVELOPMENT_TEAM = UAM8AA3Z26;
				INFOPLIST_FILE = "DinebyMe!UITests/Info.plist";
				LD_RUNPATH_SEARCH_PATHS = "$(inherited) @executable_path/Frameworks @loader_path/Frameworks";
				PRODUCT_BUNDLE_IDENTIFIER = "UvA.DinebyMe-UITests";
				PRODUCT_NAME = "$(TARGET_NAME)";
				SWIFT_VERSION = 4.0;
				TARGETED_DEVICE_FAMILY = "1,2";
				TEST_TARGET_NAME = "DinebyMe!";
			};
			name = Release;
		};
/* End XCBuildConfiguration section */

/* Begin XCConfigurationList section */
		5008A3632034410200E73BF4 /* Build configuration list for PBXProject "DinebyMe!" */ = {
			isa = XCConfigurationList;
			buildConfigurations = (
				5008A3912034410300E73BF4 /* Debug */,
				5008A3922034410300E73BF4 /* Release */,
			);
			defaultConfigurationIsVisible = 0;
			defaultConfigurationName = Release;
		};
		5008A3932034410300E73BF4 /* Build configuration list for PBXNativeTarget "DinebyMe!" */ = {
			isa = XCConfigurationList;
			buildConfigurations = (
				5008A3942034410300E73BF4 /* Debug */,
				5008A3952034410300E73BF4 /* Release */,
			);
			defaultConfigurationIsVisible = 0;
			defaultConfigurationName = Release;
		};
		5008A3962034410300E73BF4 /* Build configuration list for PBXNativeTarget "DinebyMe!Tests" */ = {
			isa = XCConfigurationList;
			buildConfigurations = (
				5008A3972034410300E73BF4 /* Debug */,
				5008A3982034410300E73BF4 /* Release */,
			);
			defaultConfigurationIsVisible = 0;
			defaultConfigurationName = Release;
		};
		5008A3992034410300E73BF4 /* Build configuration list for PBXNativeTarget "DinebyMe!UITests" */ = {
			isa = XCConfigurationList;
			buildConfigurations = (
				5008A39A2034410300E73BF4 /* Debug */,
				5008A39B2034410300E73BF4 /* Release */,
			);
			defaultConfigurationIsVisible = 0;
			defaultConfigurationName = Release;
		};
/* End XCConfigurationList section */

/* Begin XCVersionGroup section */
		5008A3722034410300E73BF4 /* DinebyMe_.xcdatamodeld */ = {
			isa = XCVersionGroup;
			children = (
				5008A3732034410300E73BF4 /* DinebyMe_.xcdatamodel */,
			);
			currentVersion = 5008A3732034410300E73BF4 /* DinebyMe_.xcdatamodel */;
			path = DinebyMe_.xcdatamodeld;
			sourceTree = "<group>";
			versionGroupType = wrapper.xcdatamodel;
		};
/* End XCVersionGroup section */
	};
	rootObject = 5008A3602034410200E73BF4 /* Project object */;
}
